
Microsoft Visual Studio Solution File, Format Version 12.00
# Visual Studio Version 16
VisualStudioVersion = 16.0.30517.126
MinimumVisualStudioVersion = 10.0.40219.1
Project("{8BC9CEB8-8B4A-11D0-8D11-00A0C91BC942}") = "Z2_Epam", "Z2_Epam\Z2_Epam.vcxproj", "{F4613CED-EBE4-45DA-B429-C81552CAA92A}"
EndProject
Global
	GlobalSection(SolutionConfigurationPlatforms) = preSolution
		Debug|x64 = Debug|x64
		Debug|x86 = Debug|x86
		Release|x64 = Release|x64
		Release|x86 = Release|x86
	EndGlobalSection
	GlobalSection(ProjectConfigurationPlatforms) = postSolution
		{F4613CED-EBE4-45DA-B429-C81552CAA92A}.Debug|x64.ActiveCfg = Debug|x64
		{F4613CED-EBE4-45DA-B429-C81552CAA92A}.Debug|x64.Build.0 = Debug|x64
		{F4613CED-EBE4-45DA-B429-C81552CAA92A}.Debug|x86.ActiveCfg = Debug|Win32
		{F4613CED-EBE4-45DA-B429-C81552CAA92A}.Debug|x86.Build.0 = Debug|Win32
		{F4613CED-EBE4-45DA-B429-C81552CAA92A}.Release|x64.ActiveCfg = Release|x64
		{F4613CED-EBE4-45DA-B429-C81552CAA92A}.Release|x64.Build.0 = Release|x64
		{F4613CED-EBE4-45DA-B429-C81552CAA92A}.Release|x86.ActiveCfg = Release|Win32
		{F4613CED-EBE4-45DA-B429-C81552CAA92A}.Release|x86.Build.0 = Release|Win32
	EndGlobalSection
	GlobalSection(SolutionProperties) = preSolution
		HideSolutionNode = FALSE
	EndGlobalSection
	GlobalSection(ExtensibilityGlobals) = postSolution
		SolutionGuid = {D2FF6393-E6A1-46D0-9469-A1A5AD5D11DC}
	EndGlobalSection
EndGlobal
